
Microsoft Visual Studio Solution File, Format Version 12.00
# Visual Studio Version 16
VisualStudioVersion = 16.0.33423.256
MinimumVisualStudioVersion = 10.0.40219.1
Project("{FAE04EC0-301F-11D3-BF4B-00C04F79EFBC}") = "WindowsFormsApp1", "WindowsFormsApp1\WindowsFormsApp1.csproj", "{BD66C385-2FA9-42DF-AED9-5728CB9B621C}"
EndProject
Global
	GlobalSection(SolutionConfigurationPlatforms) = preSolution
		Debug|Any CPU = Debug|Any CPU
		Release|Any CPU = Release|Any CPU
	EndGlobalSection
	GlobalSection(ProjectConfigurationPlatforms) = postSolution
		{BD66C385-2FA9-42DF-AED9-5728CB9B621C}.Debug|Any CPU.ActiveCfg = Debug|Any CPU
		{BD66C385-2FA9-42DF-AED9-5728CB9B621C}.Debug|Any CPU.Build.0 = Debug|Any CPU
		{BD66C385-2FA9-42DF-AED9-5728CB9B621C}.Release|Any CPU.ActiveCfg = Release|Any CPU
		{BD66C385-2FA9-42DF-AED9-5728CB9B621C}.Release|Any CPU.Build.0 = Release|Any CPU
	EndGlobalSection
	GlobalSection(SolutionProperties) = preSolution
		HideSolutionNode = FALSE
	EndGlobalSection
	GlobalSection(ExtensibilityGlobals) = postSolution
		SolutionGuid = {FD199030-9C1E-4C80-BF1A-DCA84E2FA6F9}
	EndGlobalSection
EndGlobal
