
Microsoft Visual Studio Solution File, Format Version 12.00
# Visual Studio Version 16
VisualStudioVersion = 16.0.33423.256
MinimumVisualStudioVersion = 10.0.40219.1
Project("{FAE04EC0-301F-11D3-BF4B-00C04F79EFBC}") = "Task01", "Task01\Task01.csproj", "{6AD58DF8-D46E-4D81-85FA-15D72C786586}"
EndProject
Global
	GlobalSection(SolutionConfigurationPlatforms) = preSolution
		Debug|Any CPU = Debug|Any CPU
		Release|Any CPU = Release|Any CPU
	EndGlobalSection
	GlobalSection(ProjectConfigurationPlatforms) = postSolution
		{6AD58DF8-D46E-4D81-85FA-15D72C786586}.Debug|Any CPU.ActiveCfg = Debug|Any CPU
		{6AD58DF8-D46E-4D81-85FA-15D72C786586}.Debug|Any CPU.Build.0 = Debug|Any CPU
		{6AD58DF8-D46E-4D81-85FA-15D72C786586}.Release|Any CPU.ActiveCfg = Release|Any CPU
		{6AD58DF8-D46E-4D81-85FA-15D72C786586}.Release|Any CPU.Build.0 = Release|Any CPU
	EndGlobalSection
	GlobalSection(SolutionProperties) = preSolution
		HideSolutionNode = FALSE
	EndGlobalSection
	GlobalSection(ExtensibilityGlobals) = postSolution
		SolutionGuid = {BCF89D18-A3D5-40EE-B05F-FD82158FAA2D}
	EndGlobalSection
EndGlobal
