
Microsoft Visual Studio Solution File, Format Version 12.00
# Visual Studio Version 16
VisualStudioVersion = 16.0.33423.256
MinimumVisualStudioVersion = 10.0.40219.1
Project("{FAE04EC0-301F-11D3-BF4B-00C04F79EFBC}") = "Pacman with Oop", "Pacman with Oop\Pacman with Oop.csproj", "{E6559CC2-1A34-4DDB-A2B9-A7BACA8CAF81}"
EndProject
Global
	GlobalSection(SolutionConfigurationPlatforms) = preSolution
		Debug|Any CPU = Debug|Any CPU
		Release|Any CPU = Release|Any CPU
	EndGlobalSection
	GlobalSection(ProjectConfigurationPlatforms) = postSolution
		{E6559CC2-1A34-4DDB-A2B9-A7BACA8CAF81}.Debug|Any CPU.ActiveCfg = Debug|Any CPU
		{E6559CC2-1A34-4DDB-A2B9-A7BACA8CAF81}.Debug|Any CPU.Build.0 = Debug|Any CPU
		{E6559CC2-1A34-4DDB-A2B9-A7BACA8CAF81}.Release|Any CPU.ActiveCfg = Release|Any CPU
		{E6559CC2-1A34-4DDB-A2B9-A7BACA8CAF81}.Release|Any CPU.Build.0 = Release|Any CPU
	EndGlobalSection
	GlobalSection(SolutionProperties) = preSolution
		HideSolutionNode = FALSE
	EndGlobalSection
	GlobalSection(ExtensibilityGlobals) = postSolution
		SolutionGuid = {D591799A-94AC-47AB-9BB1-E5074D5C9960}
	EndGlobalSection
EndGlobal
