
Microsoft Visual Studio Solution File, Format Version 12.00
# Visual Studio Version 16
VisualStudioVersion = 16.0.33423.256
MinimumVisualStudioVersion = 10.0.40219.1
Project("{FAE04EC0-301F-11D3-BF4B-00C04F79EFBC}") = "Task01", "Task01\Task01.csproj", "{82007416-E30E-4F06-856D-F0CA488BCCF8}"
EndProject
Global
	GlobalSection(SolutionConfigurationPlatforms) = preSolution
		Debug|Any CPU = Debug|Any CPU
		Release|Any CPU = Release|Any CPU
	EndGlobalSection
	GlobalSection(ProjectConfigurationPlatforms) = postSolution
		{82007416-E30E-4F06-856D-F0CA488BCCF8}.Debug|Any CPU.ActiveCfg = Debug|Any CPU
		{82007416-E30E-4F06-856D-F0CA488BCCF8}.Debug|Any CPU.Build.0 = Debug|Any CPU
		{82007416-E30E-4F06-856D-F0CA488BCCF8}.Release|Any CPU.ActiveCfg = Release|Any CPU
		{82007416-E30E-4F06-856D-F0CA488BCCF8}.Release|Any CPU.Build.0 = Release|Any CPU
	EndGlobalSection
	GlobalSection(SolutionProperties) = preSolution
		HideSolutionNode = FALSE
	EndGlobalSection
	GlobalSection(ExtensibilityGlobals) = postSolution
		SolutionGuid = {9680803A-5BC2-4DEF-A99C-5C0B475E6D08}
	EndGlobalSection
EndGlobal
