
Microsoft Visual Studio Solution File, Format Version 12.00
# Visual Studio Version 16
VisualStudioVersion = 16.0.33423.256
MinimumVisualStudioVersion = 10.0.40219.1
Project("{FAE04EC0-301F-11D3-BF4B-00C04F79EFBC}") = "Task01", "Task01\Task01.csproj", "{7664E0EB-9D9B-44E5-8667-47657268CBCD}"
EndProject
Global
	GlobalSection(SolutionConfigurationPlatforms) = preSolution
		Debug|Any CPU = Debug|Any CPU
		Release|Any CPU = Release|Any CPU
	EndGlobalSection
	GlobalSection(ProjectConfigurationPlatforms) = postSolution
		{7664E0EB-9D9B-44E5-8667-47657268CBCD}.Debug|Any CPU.ActiveCfg = Debug|Any CPU
		{7664E0EB-9D9B-44E5-8667-47657268CBCD}.Debug|Any CPU.Build.0 = Debug|Any CPU
		{7664E0EB-9D9B-44E5-8667-47657268CBCD}.Release|Any CPU.ActiveCfg = Release|Any CPU
		{7664E0EB-9D9B-44E5-8667-47657268CBCD}.Release|Any CPU.Build.0 = Release|Any CPU
	EndGlobalSection
	GlobalSection(SolutionProperties) = preSolution
		HideSolutionNode = FALSE
	EndGlobalSection
	GlobalSection(ExtensibilityGlobals) = postSolution
		SolutionGuid = {FF70E38C-82A8-4422-943A-754EC3BD81AE}
	EndGlobalSection
EndGlobal
