
Microsoft Visual Studio Solution File, Format Version 12.00
# Visual Studio Version 16
VisualStudioVersion = 16.0.33423.256
MinimumVisualStudioVersion = 10.0.40219.1
Project("{FAE04EC0-301F-11D3-BF4B-00C04F79EFBC}") = "project with window form", "project with window form\project with window form.csproj", "{53379F97-026C-4C41-A42B-3BEB2E5C1442}"
EndProject
Global
	GlobalSection(SolutionConfigurationPlatforms) = preSolution
		Debug|Any CPU = Debug|Any CPU
		Release|Any CPU = Release|Any CPU
	EndGlobalSection
	GlobalSection(ProjectConfigurationPlatforms) = postSolution
		{53379F97-026C-4C41-A42B-3BEB2E5C1442}.Debug|Any CPU.ActiveCfg = Debug|Any CPU
		{53379F97-026C-4C41-A42B-3BEB2E5C1442}.Debug|Any CPU.Build.0 = Debug|Any CPU
		{53379F97-026C-4C41-A42B-3BEB2E5C1442}.Release|Any CPU.ActiveCfg = Release|Any CPU
		{53379F97-026C-4C41-A42B-3BEB2E5C1442}.Release|Any CPU.Build.0 = Release|Any CPU
	EndGlobalSection
	GlobalSection(SolutionProperties) = preSolution
		HideSolutionNode = FALSE
	EndGlobalSection
	GlobalSection(ExtensibilityGlobals) = postSolution
		SolutionGuid = {636D6607-B4FE-467C-A2BD-B48EDA3EC924}
	EndGlobalSection
EndGlobal
