
Microsoft Visual Studio Solution File, Format Version 12.00
# Visual Studio Version 16
VisualStudioVersion = 16.0.33423.256
MinimumVisualStudioVersion = 10.0.40219.1
Project("{FAE04EC0-301F-11D3-BF4B-00C04F79EFBC}") = "task01", "task01\task01.csproj", "{CC1D14D6-265F-4F18-896A-B29C31AC1DFA}"
EndProject
Global
	GlobalSection(SolutionConfigurationPlatforms) = preSolution
		Debug|Any CPU = Debug|Any CPU
		Release|Any CPU = Release|Any CPU
	EndGlobalSection
	GlobalSection(ProjectConfigurationPlatforms) = postSolution
		{CC1D14D6-265F-4F18-896A-B29C31AC1DFA}.Debug|Any CPU.ActiveCfg = Debug|Any CPU
		{CC1D14D6-265F-4F18-896A-B29C31AC1DFA}.Debug|Any CPU.Build.0 = Debug|Any CPU
		{CC1D14D6-265F-4F18-896A-B29C31AC1DFA}.Release|Any CPU.ActiveCfg = Release|Any CPU
		{CC1D14D6-265F-4F18-896A-B29C31AC1DFA}.Release|Any CPU.Build.0 = Release|Any CPU
	EndGlobalSection
	GlobalSection(SolutionProperties) = preSolution
		HideSolutionNode = FALSE
	EndGlobalSection
	GlobalSection(ExtensibilityGlobals) = postSolution
		SolutionGuid = {5821BB77-97B9-44AB-A8AE-CE02A4D443A0}
	EndGlobalSection
EndGlobal
