
Microsoft Visual Studio Solution File, Format Version 12.00
# Visual Studio Version 16
VisualStudioVersion = 16.0.33423.256
MinimumVisualStudioVersion = 10.0.40219.1
Project("{FAE04EC0-301F-11D3-BF4B-00C04F79EFBC}") = "Week 02", "Week 02\Week 02.csproj", "{655F0B59-A6ED-4744-8F77-E1CB445CC6ED}"
EndProject
Global
	GlobalSection(SolutionConfigurationPlatforms) = preSolution
		Debug|Any CPU = Debug|Any CPU
		Release|Any CPU = Release|Any CPU
	EndGlobalSection
	GlobalSection(ProjectConfigurationPlatforms) = postSolution
		{655F0B59-A6ED-4744-8F77-E1CB445CC6ED}.Debug|Any CPU.ActiveCfg = Debug|Any CPU
		{655F0B59-A6ED-4744-8F77-E1CB445CC6ED}.Debug|Any CPU.Build.0 = Debug|Any CPU
		{655F0B59-A6ED-4744-8F77-E1CB445CC6ED}.Release|Any CPU.ActiveCfg = Release|Any CPU
		{655F0B59-A6ED-4744-8F77-E1CB445CC6ED}.Release|Any CPU.Build.0 = Release|Any CPU
	EndGlobalSection
	GlobalSection(SolutionProperties) = preSolution
		HideSolutionNode = FALSE
	EndGlobalSection
	GlobalSection(ExtensibilityGlobals) = postSolution
		SolutionGuid = {DCB9B60A-F79B-4AE4-9A3F-FAC76F0DEEC4}
	EndGlobalSection
EndGlobal
